
Microsoft Visual Studio Solution File, Format Version 12.00
# Visual Studio Version 17
VisualStudioVersion = 17.2.32630.192
MinimumVisualStudioVersion = 10.0.40219.1
Project("{9A19103F-16F7-4668-BE54-9A1E7A4F7556}") = "Extension_Method", "Extension_Method.csproj", "{8FEF4A46-C71F-4411-B9FF-401879E70BCC}"
EndProject
Project("{FAE04EC0-301F-11D3-BF4B-00C04F79EFBC}") = "Extension_Test", "..\Extension_Test\Extension_Test.csproj", "{8F35DFD6-D273-43CE-8612-532AAB21F09A}"
EndProject
Global
	GlobalSection(SolutionConfigurationPlatforms) = preSolution
		Debug|Any CPU = Debug|Any CPU
		Release|Any CPU = Release|Any CPU
	EndGlobalSection
	GlobalSection(ProjectConfigurationPlatforms) = postSolution
		{8FEF4A46-C71F-4411-B9FF-401879E70BCC}.Debug|Any CPU.ActiveCfg = Debug|Any CPU
		{8FEF4A46-C71F-4411-B9FF-401879E70BCC}.Debug|Any CPU.Build.0 = Debug|Any CPU
		{8FEF4A46-C71F-4411-B9FF-401879E70BCC}.Release|Any CPU.ActiveCfg = Release|Any CPU
		{8FEF4A46-C71F-4411-B9FF-401879E70BCC}.Release|Any CPU.Build.0 = Release|Any CPU
		{8F35DFD6-D273-43CE-8612-532AAB21F09A}.Debug|Any CPU.ActiveCfg = Debug|Any CPU
		{8F35DFD6-D273-43CE-8612-532AAB21F09A}.Debug|Any CPU.Build.0 = Debug|Any CPU
		{8F35DFD6-D273-43CE-8612-532AAB21F09A}.Release|Any CPU.ActiveCfg = Release|Any CPU
		{8F35DFD6-D273-43CE-8612-532AAB21F09A}.Release|Any CPU.Build.0 = Release|Any CPU
	EndGlobalSection
	GlobalSection(SolutionProperties) = preSolution
		HideSolutionNode = FALSE
	EndGlobalSection
	GlobalSection(ExtensibilityGlobals) = postSolution
		SolutionGuid = {48E153AB-C4FF-4CAE-979A-A6490C1B3B2B}
	EndGlobalSection
EndGlobal
